
Microsoft Visual Studio Solution File, Format Version 12.00
# Visual Studio Version 16
VisualStudioVersion = 16.0.30413.136
MinimumVisualStudioVersion = 10.0.40219.1
Project("{FAE04EC0-301F-11D3-BF4B-00C04F79EFBC}") = "Ej24_VisualizarFigura", "Ej24_VisualizarFigura\Ej24_VisualizarFigura.csproj", "{DD7FD572-599D-4A43-88B7-F69A8D9DFD0F}"
EndProject
Global
	GlobalSection(SolutionConfigurationPlatforms) = preSolution
		Debug|Any CPU = Debug|Any CPU
		Release|Any CPU = Release|Any CPU
	EndGlobalSection
	GlobalSection(ProjectConfigurationPlatforms) = postSolution
		{DD7FD572-599D-4A43-88B7-F69A8D9DFD0F}.Debug|Any CPU.ActiveCfg = Debug|Any CPU
		{DD7FD572-599D-4A43-88B7-F69A8D9DFD0F}.Debug|Any CPU.Build.0 = Debug|Any CPU
		{DD7FD572-599D-4A43-88B7-F69A8D9DFD0F}.Release|Any CPU.ActiveCfg = Release|Any CPU
		{DD7FD572-599D-4A43-88B7-F69A8D9DFD0F}.Release|Any CPU.Build.0 = Release|Any CPU
	EndGlobalSection
	GlobalSection(SolutionProperties) = preSolution
		HideSolutionNode = FALSE
	EndGlobalSection
	GlobalSection(ExtensibilityGlobals) = postSolution
		SolutionGuid = {C1F37AD6-F1AA-4EE1-96DB-5572B6648CCF}
	EndGlobalSection
EndGlobal
